
Microsoft Visual Studio Solution File, Format Version 12.00
# Visual Studio Version 16
VisualStudioVersion = 16.0.30011.22
MinimumVisualStudioVersion = 10.0.40219.1
Project("{9A19103F-16F7-4668-BE54-9A1E7A4F7556}") = "Sispar.Common", "src\Sispar.Common\Sispar.Common.csproj", "{85A1FC21-3C28-4974-ABBB-EF7D462AC67B}"
EndProject
Project("{9A19103F-16F7-4668-BE54-9A1E7A4F7556}") = "Sispar.Domain", "src\Sispar.Core\Sispar.Domain.csproj", "{2D8F1C8A-F4EA-437C-A8C8-9C3E03661CC9}"
EndProject
Project("{9A19103F-16F7-4668-BE54-9A1E7A4F7556}") = "Sispar.Business", "src\Sispar.Business\Sispar.Business.csproj", "{760E5558-7A6D-4F6D-BF91-AF9F474C5601}"
EndProject
Project("{9A19103F-16F7-4668-BE54-9A1E7A4F7556}") = "Sispar.Infra", "src\Sispar.Infra\Sispar.Infra.csproj", "{E31E43A8-6866-45E2-BA9B-468828E81425}"
EndProject
Project("{9A19103F-16F7-4668-BE54-9A1E7A4F7556}") = "Sispar.Startup", "src\Sispar.Startup\Sispar.Startup.csproj", "{D4E30F97-47A8-4772-9290-D7E58D1D797C}"
EndProject
Project("{9A19103F-16F7-4668-BE54-9A1E7A4F7556}") = "Sispar.Api", "src\Sispar.Api\Sispar.Api.csproj", "{2D75E021-E60C-4300-AA90-438A66EF6ACD}"
EndProject
Global
	GlobalSection(SolutionConfigurationPlatforms) = preSolution
		Debug|Any CPU = Debug|Any CPU
		Release|Any CPU = Release|Any CPU
	EndGlobalSection
	GlobalSection(ProjectConfigurationPlatforms) = postSolution
		{85A1FC21-3C28-4974-ABBB-EF7D462AC67B}.Debug|Any CPU.ActiveCfg = Debug|Any CPU
		{85A1FC21-3C28-4974-ABBB-EF7D462AC67B}.Debug|Any CPU.Build.0 = Debug|Any CPU
		{85A1FC21-3C28-4974-ABBB-EF7D462AC67B}.Release|Any CPU.ActiveCfg = Release|Any CPU
		{85A1FC21-3C28-4974-ABBB-EF7D462AC67B}.Release|Any CPU.Build.0 = Release|Any CPU
		{2D8F1C8A-F4EA-437C-A8C8-9C3E03661CC9}.Debug|Any CPU.ActiveCfg = Debug|Any CPU
		{2D8F1C8A-F4EA-437C-A8C8-9C3E03661CC9}.Debug|Any CPU.Build.0 = Debug|Any CPU
		{2D8F1C8A-F4EA-437C-A8C8-9C3E03661CC9}.Release|Any CPU.ActiveCfg = Release|Any CPU
		{2D8F1C8A-F4EA-437C-A8C8-9C3E03661CC9}.Release|Any CPU.Build.0 = Release|Any CPU
		{760E5558-7A6D-4F6D-BF91-AF9F474C5601}.Debug|Any CPU.ActiveCfg = Debug|Any CPU
		{760E5558-7A6D-4F6D-BF91-AF9F474C5601}.Debug|Any CPU.Build.0 = Debug|Any CPU
		{760E5558-7A6D-4F6D-BF91-AF9F474C5601}.Release|Any CPU.ActiveCfg = Release|Any CPU
		{760E5558-7A6D-4F6D-BF91-AF9F474C5601}.Release|Any CPU.Build.0 = Release|Any CPU
		{E31E43A8-6866-45E2-BA9B-468828E81425}.Debug|Any CPU.ActiveCfg = Debug|Any CPU
		{E31E43A8-6866-45E2-BA9B-468828E81425}.Debug|Any CPU.Build.0 = Debug|Any CPU
		{E31E43A8-6866-45E2-BA9B-468828E81425}.Release|Any CPU.ActiveCfg = Release|Any CPU
		{E31E43A8-6866-45E2-BA9B-468828E81425}.Release|Any CPU.Build.0 = Release|Any CPU
		{D4E30F97-47A8-4772-9290-D7E58D1D797C}.Debug|Any CPU.ActiveCfg = Debug|Any CPU
		{D4E30F97-47A8-4772-9290-D7E58D1D797C}.Debug|Any CPU.Build.0 = Debug|Any CPU
		{D4E30F97-47A8-4772-9290-D7E58D1D797C}.Release|Any CPU.ActiveCfg = Release|Any CPU
		{D4E30F97-47A8-4772-9290-D7E58D1D797C}.Release|Any CPU.Build.0 = Release|Any CPU
		{2D75E021-E60C-4300-AA90-438A66EF6ACD}.Debug|Any CPU.ActiveCfg = Debug|Any CPU
		{2D75E021-E60C-4300-AA90-438A66EF6ACD}.Debug|Any CPU.Build.0 = Debug|Any CPU
		{2D75E021-E60C-4300-AA90-438A66EF6ACD}.Release|Any CPU.ActiveCfg = Release|Any CPU
		{2D75E021-E60C-4300-AA90-438A66EF6ACD}.Release|Any CPU.Build.0 = Release|Any CPU
	EndGlobalSection
	GlobalSection(SolutionProperties) = preSolution
		HideSolutionNode = FALSE
	EndGlobalSection
	GlobalSection(ExtensibilityGlobals) = postSolution
		SolutionGuid = {591CBC16-F7A3-44B0-AB0E-2D3E4CB2D259}
	EndGlobalSection
EndGlobal
