
Microsoft Visual Studio Solution File, Format Version 12.00
# Visual Studio 15
VisualStudioVersion = 15.0.27004.2002
MinimumVisualStudioVersion = 10.0.40219.1
Project("{2150E333-8FDC-42A3-9474-1A3956D46DE8}") = "src", "src", "{DC06FF1A-F352-4A70-A22D-0B2AFA3A280C}"
EndProject
Project("{FAE04EC0-301F-11D3-BF4B-00C04F79EFBC}") = "Sispar.Infra", "src\Sispar.Infra\Sispar.Infra.csproj", "{B5CF948F-FE47-436A-9E67-BBE03D14A723}"
EndProject
Project("{FAE04EC0-301F-11D3-BF4B-00C04F79EFBC}") = "Sispar.Business", "src\Sispar.Business\Sispar.Business.csproj", "{6E19935C-1A4F-4F1A-A2BD-DF689C8CC4FC}"
EndProject
Project("{FAE04EC0-301F-11D3-BF4B-00C04F79EFBC}") = "Sispar.Core", "src\Sispar.Core\Sispar.Core.csproj", "{1C2571E5-3303-49AC-95DC-F2921C76169A}"
EndProject
Project("{FAE04EC0-301F-11D3-BF4B-00C04F79EFBC}") = "Sispar.Startup", "src\Sispar.Startup\Sispar.Startup.csproj", "{69CBB30D-C5FD-4933-A345-668787936E9B}"
EndProject
Project("{FAE04EC0-301F-11D3-BF4B-00C04F79EFBC}") = "Sispar.Common", "src\Sispar.Common\Sispar.Common.csproj", "{77CBAC05-6239-499F-881D-00686EACCDAC}"
EndProject
Project("{FAE04EC0-301F-11D3-BF4B-00C04F79EFBC}") = "Sispar.Api", "src\Sispar.Api\Sispar.Api.csproj", "{28264B0F-9001-4E85-A74E-12B07CCB9967}"
EndProject
Project("{2150E333-8FDC-42A3-9474-1A3956D46DE8}") = "test", "test", "{579E720A-B163-458E-A44E-0962F170C98E}"
EndProject
Project("{FAE04EC0-301F-11D3-BF4B-00C04F79EFBC}") = "Sispar.Test", "test\Sispar.Test\Sispar.Test.csproj", "{51BA4800-D0EF-41E7-89DB-98D1DE5B6682}"
EndProject
Global
	GlobalSection(SolutionConfigurationPlatforms) = preSolution
		Debug|Any CPU = Debug|Any CPU
		Release|Any CPU = Release|Any CPU
	EndGlobalSection
	GlobalSection(ProjectConfigurationPlatforms) = postSolution
		{B5CF948F-FE47-436A-9E67-BBE03D14A723}.Debug|Any CPU.ActiveCfg = Debug|Any CPU
		{B5CF948F-FE47-436A-9E67-BBE03D14A723}.Debug|Any CPU.Build.0 = Debug|Any CPU
		{B5CF948F-FE47-436A-9E67-BBE03D14A723}.Release|Any CPU.ActiveCfg = Release|Any CPU
		{B5CF948F-FE47-436A-9E67-BBE03D14A723}.Release|Any CPU.Build.0 = Release|Any CPU
		{6E19935C-1A4F-4F1A-A2BD-DF689C8CC4FC}.Debug|Any CPU.ActiveCfg = Debug|Any CPU
		{6E19935C-1A4F-4F1A-A2BD-DF689C8CC4FC}.Debug|Any CPU.Build.0 = Debug|Any CPU
		{6E19935C-1A4F-4F1A-A2BD-DF689C8CC4FC}.Release|Any CPU.ActiveCfg = Release|Any CPU
		{6E19935C-1A4F-4F1A-A2BD-DF689C8CC4FC}.Release|Any CPU.Build.0 = Release|Any CPU
		{1C2571E5-3303-49AC-95DC-F2921C76169A}.Debug|Any CPU.ActiveCfg = Debug|Any CPU
		{1C2571E5-3303-49AC-95DC-F2921C76169A}.Debug|Any CPU.Build.0 = Debug|Any CPU
		{1C2571E5-3303-49AC-95DC-F2921C76169A}.Release|Any CPU.ActiveCfg = Release|Any CPU
		{1C2571E5-3303-49AC-95DC-F2921C76169A}.Release|Any CPU.Build.0 = Release|Any CPU
		{69CBB30D-C5FD-4933-A345-668787936E9B}.Debug|Any CPU.ActiveCfg = Debug|Any CPU
		{69CBB30D-C5FD-4933-A345-668787936E9B}.Debug|Any CPU.Build.0 = Debug|Any CPU
		{69CBB30D-C5FD-4933-A345-668787936E9B}.Release|Any CPU.ActiveCfg = Release|Any CPU
		{69CBB30D-C5FD-4933-A345-668787936E9B}.Release|Any CPU.Build.0 = Release|Any CPU
		{77CBAC05-6239-499F-881D-00686EACCDAC}.Debug|Any CPU.ActiveCfg = Debug|Any CPU
		{77CBAC05-6239-499F-881D-00686EACCDAC}.Debug|Any CPU.Build.0 = Debug|Any CPU
		{77CBAC05-6239-499F-881D-00686EACCDAC}.Release|Any CPU.ActiveCfg = Release|Any CPU
		{77CBAC05-6239-499F-881D-00686EACCDAC}.Release|Any CPU.Build.0 = Release|Any CPU
		{28264B0F-9001-4E85-A74E-12B07CCB9967}.Debug|Any CPU.ActiveCfg = Debug|Any CPU
		{28264B0F-9001-4E85-A74E-12B07CCB9967}.Debug|Any CPU.Build.0 = Debug|Any CPU
		{28264B0F-9001-4E85-A74E-12B07CCB9967}.Release|Any CPU.ActiveCfg = Release|Any CPU
		{28264B0F-9001-4E85-A74E-12B07CCB9967}.Release|Any CPU.Build.0 = Release|Any CPU
		{51BA4800-D0EF-41E7-89DB-98D1DE5B6682}.Debug|Any CPU.ActiveCfg = Debug|Any CPU
		{51BA4800-D0EF-41E7-89DB-98D1DE5B6682}.Debug|Any CPU.Build.0 = Debug|Any CPU
		{51BA4800-D0EF-41E7-89DB-98D1DE5B6682}.Release|Any CPU.ActiveCfg = Release|Any CPU
		{51BA4800-D0EF-41E7-89DB-98D1DE5B6682}.Release|Any CPU.Build.0 = Release|Any CPU
	EndGlobalSection
	GlobalSection(SolutionProperties) = preSolution
		HideSolutionNode = FALSE
	EndGlobalSection
	GlobalSection(NestedProjects) = preSolution
		{B5CF948F-FE47-436A-9E67-BBE03D14A723} = {DC06FF1A-F352-4A70-A22D-0B2AFA3A280C}
		{6E19935C-1A4F-4F1A-A2BD-DF689C8CC4FC} = {DC06FF1A-F352-4A70-A22D-0B2AFA3A280C}
		{1C2571E5-3303-49AC-95DC-F2921C76169A} = {DC06FF1A-F352-4A70-A22D-0B2AFA3A280C}
		{69CBB30D-C5FD-4933-A345-668787936E9B} = {DC06FF1A-F352-4A70-A22D-0B2AFA3A280C}
		{77CBAC05-6239-499F-881D-00686EACCDAC} = {DC06FF1A-F352-4A70-A22D-0B2AFA3A280C}
		{28264B0F-9001-4E85-A74E-12B07CCB9967} = {DC06FF1A-F352-4A70-A22D-0B2AFA3A280C}
		{51BA4800-D0EF-41E7-89DB-98D1DE5B6682} = {579E720A-B163-458E-A44E-0962F170C98E}
	EndGlobalSection
	GlobalSection(ExtensibilityGlobals) = postSolution
		SolutionGuid = {591CBC16-F7A3-44B0-AB0E-2D3E4CB2D259}
	EndGlobalSection
EndGlobal
