
Microsoft Visual Studio Solution File, Format Version 12.00
# Visual Studio 15
VisualStudioVersion = 15.0.27004.2002
MinimumVisualStudioVersion = 10.0.40219.1
Project("{9A19103F-16F7-4668-BE54-9A1E7A4F7556}") = "Sispar.Core", "Sispar.Core\Sispar.Core.csproj", "{1669A111-8FE3-4917-89A7-16E7CE167B31}"
EndProject
Project("{FAE04EC0-301F-11D3-BF4B-00C04F79EFBC}") = "Sispar.UI.WebApp", "Sispar.UI.WebApp\Sispar.UI.WebApp.csproj", "{6A11E2C0-5A4F-45D6-B7C0-9C2F29F4DE18}"
EndProject
Project("{FAE04EC0-301F-11D3-BF4B-00C04F79EFBC}") = "BusinessRule", "BusinessRule\BusinessRule.csproj", "{876B3A3C-DD25-45EC-A1AA-563801992C21}"
EndProject
Project("{9A19103F-16F7-4668-BE54-9A1E7A4F7556}") = "Sispar.Infra", "Sispar.Infra\Sispar.Infra.csproj", "{34C0107B-7BFA-4A6D-9DAC-B2908CC78DB3}"
EndProject
Project("{9A19103F-16F7-4668-BE54-9A1E7A4F7556}") = "Sispar.Business", "Sispar.Business\Sispar.Business.csproj", "{8C91B759-DC30-4CD6-8A69-142301C29F2A}"
EndProject
Project("{9A19103F-16F7-4668-BE54-9A1E7A4F7556}") = "Sispar.UI", "Sispar.UI\Sispar.UI.csproj", "{413116CA-B4E5-47DD-8078-1DF1A680E36F}"
EndProject
Project("{9A19103F-16F7-4668-BE54-9A1E7A4F7556}") = "Sispar.Test", "Sispar.Test\Sispar.Test.csproj", "{9FC99297-6253-4C4E-8255-FE40C8D31FA9}"
EndProject
Project("{9A19103F-16F7-4668-BE54-9A1E7A4F7556}") = "Sispar.Common", "Sispar.Common\Sispar.Common.csproj", "{07858EAD-271B-47EC-BAAA-E3EB2FA97B09}"
EndProject
Project("{9A19103F-16F7-4668-BE54-9A1E7A4F7556}") = "Sispar.Startup", "Sispar.Startup\Sispar.Startup.csproj", "{828C497E-A339-4896-8D3A-F2FA32498F34}"
EndProject
Project("{9A19103F-16F7-4668-BE54-9A1E7A4F7556}") = "Sispar.Api", "Sispar.Api\Sispar.Api.csproj", "{1342EDB5-22DF-4066-BB56-3B3F7D9C55C2}"
EndProject
Project("{2150E333-8FDC-42A3-9474-1A3956D46DE8}") = "UI", "UI", "{ED48CE29-CCCD-41E2-8250-1B49AAA61909}"
EndProject
Project("{2150E333-8FDC-42A3-9474-1A3956D46DE8}") = "API", "API", "{1E18D821-03A1-4038-90CB-4FE253442054}"
EndProject
Project("{2150E333-8FDC-42A3-9474-1A3956D46DE8}") = "Core", "Core", "{C87BE574-E062-4E2E-BF81-9239FE124911}"
EndProject
Global
	GlobalSection(SolutionConfigurationPlatforms) = preSolution
		Debug|Any CPU = Debug|Any CPU
		Release|Any CPU = Release|Any CPU
	EndGlobalSection
	GlobalSection(ProjectConfigurationPlatforms) = postSolution
		{1669A111-8FE3-4917-89A7-16E7CE167B31}.Debug|Any CPU.ActiveCfg = Debug|Any CPU
		{1669A111-8FE3-4917-89A7-16E7CE167B31}.Debug|Any CPU.Build.0 = Debug|Any CPU
		{1669A111-8FE3-4917-89A7-16E7CE167B31}.Release|Any CPU.ActiveCfg = Release|Any CPU
		{1669A111-8FE3-4917-89A7-16E7CE167B31}.Release|Any CPU.Build.0 = Release|Any CPU
		{6A11E2C0-5A4F-45D6-B7C0-9C2F29F4DE18}.Debug|Any CPU.ActiveCfg = Debug|Any CPU
		{6A11E2C0-5A4F-45D6-B7C0-9C2F29F4DE18}.Debug|Any CPU.Build.0 = Debug|Any CPU
		{6A11E2C0-5A4F-45D6-B7C0-9C2F29F4DE18}.Release|Any CPU.ActiveCfg = Release|Any CPU
		{6A11E2C0-5A4F-45D6-B7C0-9C2F29F4DE18}.Release|Any CPU.Build.0 = Release|Any CPU
		{876B3A3C-DD25-45EC-A1AA-563801992C21}.Debug|Any CPU.ActiveCfg = Debug|Any CPU
		{876B3A3C-DD25-45EC-A1AA-563801992C21}.Debug|Any CPU.Build.0 = Debug|Any CPU
		{876B3A3C-DD25-45EC-A1AA-563801992C21}.Release|Any CPU.ActiveCfg = Release|Any CPU
		{876B3A3C-DD25-45EC-A1AA-563801992C21}.Release|Any CPU.Build.0 = Release|Any CPU
		{34C0107B-7BFA-4A6D-9DAC-B2908CC78DB3}.Debug|Any CPU.ActiveCfg = Debug|Any CPU
		{34C0107B-7BFA-4A6D-9DAC-B2908CC78DB3}.Debug|Any CPU.Build.0 = Debug|Any CPU
		{34C0107B-7BFA-4A6D-9DAC-B2908CC78DB3}.Release|Any CPU.ActiveCfg = Release|Any CPU
		{34C0107B-7BFA-4A6D-9DAC-B2908CC78DB3}.Release|Any CPU.Build.0 = Release|Any CPU
		{8C91B759-DC30-4CD6-8A69-142301C29F2A}.Debug|Any CPU.ActiveCfg = Debug|Any CPU
		{8C91B759-DC30-4CD6-8A69-142301C29F2A}.Debug|Any CPU.Build.0 = Debug|Any CPU
		{8C91B759-DC30-4CD6-8A69-142301C29F2A}.Release|Any CPU.ActiveCfg = Release|Any CPU
		{8C91B759-DC30-4CD6-8A69-142301C29F2A}.Release|Any CPU.Build.0 = Release|Any CPU
		{413116CA-B4E5-47DD-8078-1DF1A680E36F}.Debug|Any CPU.ActiveCfg = Debug|Any CPU
		{413116CA-B4E5-47DD-8078-1DF1A680E36F}.Debug|Any CPU.Build.0 = Debug|Any CPU
		{413116CA-B4E5-47DD-8078-1DF1A680E36F}.Release|Any CPU.ActiveCfg = Release|Any CPU
		{413116CA-B4E5-47DD-8078-1DF1A680E36F}.Release|Any CPU.Build.0 = Release|Any CPU
		{9FC99297-6253-4C4E-8255-FE40C8D31FA9}.Debug|Any CPU.ActiveCfg = Debug|Any CPU
		{9FC99297-6253-4C4E-8255-FE40C8D31FA9}.Debug|Any CPU.Build.0 = Debug|Any CPU
		{9FC99297-6253-4C4E-8255-FE40C8D31FA9}.Release|Any CPU.ActiveCfg = Release|Any CPU
		{9FC99297-6253-4C4E-8255-FE40C8D31FA9}.Release|Any CPU.Build.0 = Release|Any CPU
		{07858EAD-271B-47EC-BAAA-E3EB2FA97B09}.Debug|Any CPU.ActiveCfg = Debug|Any CPU
		{07858EAD-271B-47EC-BAAA-E3EB2FA97B09}.Debug|Any CPU.Build.0 = Debug|Any CPU
		{07858EAD-271B-47EC-BAAA-E3EB2FA97B09}.Release|Any CPU.ActiveCfg = Release|Any CPU
		{07858EAD-271B-47EC-BAAA-E3EB2FA97B09}.Release|Any CPU.Build.0 = Release|Any CPU
		{828C497E-A339-4896-8D3A-F2FA32498F34}.Debug|Any CPU.ActiveCfg = Debug|Any CPU
		{828C497E-A339-4896-8D3A-F2FA32498F34}.Debug|Any CPU.Build.0 = Debug|Any CPU
		{828C497E-A339-4896-8D3A-F2FA32498F34}.Release|Any CPU.ActiveCfg = Release|Any CPU
		{828C497E-A339-4896-8D3A-F2FA32498F34}.Release|Any CPU.Build.0 = Release|Any CPU
		{1342EDB5-22DF-4066-BB56-3B3F7D9C55C2}.Debug|Any CPU.ActiveCfg = Debug|Any CPU
		{1342EDB5-22DF-4066-BB56-3B3F7D9C55C2}.Debug|Any CPU.Build.0 = Debug|Any CPU
		{1342EDB5-22DF-4066-BB56-3B3F7D9C55C2}.Release|Any CPU.ActiveCfg = Release|Any CPU
		{1342EDB5-22DF-4066-BB56-3B3F7D9C55C2}.Release|Any CPU.Build.0 = Release|Any CPU
	EndGlobalSection
	GlobalSection(SolutionProperties) = preSolution
		HideSolutionNode = FALSE
	EndGlobalSection
	GlobalSection(NestedProjects) = preSolution
		{1669A111-8FE3-4917-89A7-16E7CE167B31} = {C87BE574-E062-4E2E-BF81-9239FE124911}
		{6A11E2C0-5A4F-45D6-B7C0-9C2F29F4DE18} = {ED48CE29-CCCD-41E2-8250-1B49AAA61909}
		{34C0107B-7BFA-4A6D-9DAC-B2908CC78DB3} = {C87BE574-E062-4E2E-BF81-9239FE124911}
		{8C91B759-DC30-4CD6-8A69-142301C29F2A} = {C87BE574-E062-4E2E-BF81-9239FE124911}
		{413116CA-B4E5-47DD-8078-1DF1A680E36F} = {ED48CE29-CCCD-41E2-8250-1B49AAA61909}
		{07858EAD-271B-47EC-BAAA-E3EB2FA97B09} = {C87BE574-E062-4E2E-BF81-9239FE124911}
		{1342EDB5-22DF-4066-BB56-3B3F7D9C55C2} = {1E18D821-03A1-4038-90CB-4FE253442054}
	EndGlobalSection
	GlobalSection(ExtensibilityGlobals) = postSolution
		SolutionGuid = {591CBC16-F7A3-44B0-AB0E-2D3E4CB2D259}
	EndGlobalSection
EndGlobal
